// !$*UTF8*$!
{
	archiveVersion = 1;
	classes = {
	};
	objectVersion = 46;
	objects = {

/* Begin PBXBuildFile section */
		8203209F1EB27747000BC0E5 /* AppDelegate.swift in Sources */ = {isa = PBXBuildFile; fileRef = 8203209E1EB27747000BC0E5 /* AppDelegate.swift */; };
		820320A11EB27747000BC0E5 /* ViewController.swift in Sources */ = {isa = PBXBuildFile; fileRef = 820320A01EB27747000BC0E5 /* ViewController.swift */; };
		820320A41EB27747000BC0E5 /* Main.storyboard in Resources */ = {isa = PBXBuildFile; fileRef = 820320A21EB27747000BC0E5 /* Main.storyboard */; };
		820320A61EB27747000BC0E5 /* Assets.xcassets in Resources */ = {isa = PBXBuildFile; fileRef = 820320A51EB27747000BC0E5 /* Assets.xcassets */; };
		820320C41EB27767000BC0E5 /* down_full_selected.png in Resources */ = {isa = PBXBuildFile; fileRef = 820320B01EB27767000BC0E5 /* down_full_selected.png */; };
		820320C51EB27767000BC0E5 /* down_full.png in Resources */ = {isa = PBXBuildFile; fileRef = 820320B11EB27767000BC0E5 /* down_full.png */; };
		820320C61EB27767000BC0E5 /* down_half_selected.png in Resources */ = {isa = PBXBuildFile; fileRef = 820320B21EB27767000BC0E5 /* down_half_selected.png */; };
		820320C71EB27767000BC0E5 /* down_half.png in Resources */ = {isa = PBXBuildFile; fileRef = 820320B31EB27767000BC0E5 /* down_half.png */; };
		820320C81EB27767000BC0E5 /* icon29@1x.png in Resources */ = {isa = PBXBuildFile; fileRef = 820320B41EB27767000BC0E5 /* icon29@1x.png */; };
		820320C91EB27767000BC0E5 /* icon40@1x.png in Resources */ = {isa = PBXBuildFile; fileRef = 820320B51EB27767000BC0E5 /* icon40@1x.png */; };
		820320CA1EB27767000BC0E5 /* icon58@2x.png in Resources */ = {isa = PBXBuildFile; fileRef = 820320B61EB27767000BC0E5 /* icon58@2x.png */; };
		820320CB1EB27767000BC0E5 /* icon80@2x.png in Resources */ = {isa = PBXBuildFile; fileRef = 820320B71EB27767000BC0E5 /* icon80@2x.png */; };
		820320CC1EB27767000BC0E5 /* icon87@3x.png in Resources */ = {isa = PBXBuildFile; fileRef = 820320B81EB27767000BC0E5 /* icon87@3x.png */; };
		820320CD1EB27767000BC0E5 /* icon120@3x.png in Resources */ = {isa = PBXBuildFile; fileRef = 820320B91EB27767000BC0E5 /* icon120@3x.png */; };
		820320CE1EB27767000BC0E5 /* icon180@3x.png in Resources */ = {isa = PBXBuildFile; fileRef = 820320BA1EB27767000BC0E5 /* icon180@3x.png */; };
		820320CF1EB27767000BC0E5 /* next_round_fail.png in Resources */ = {isa = PBXBuildFile; fileRef = 820320BB1EB27767000BC0E5 /* next_round_fail.png */; };
		820320D01EB27767000BC0E5 /* next_round_success.png in Resources */ = {isa = PBXBuildFile; fileRef = 820320BC1EB27767000BC0E5 /* next_round_success.png */; };
		820320D11EB27767000BC0E5 /* play_again.png in Resources */ = {isa = PBXBuildFile; fileRef = 820320BD1EB27767000BC0E5 /* play_again.png */; };
		820320D21EB27767000BC0E5 /* splash_screen.png in Resources */ = {isa = PBXBuildFile; fileRef = 820320BE1EB27767000BC0E5 /* splash_screen.png */; };
		820320D31EB27767000BC0E5 /* up_full_selected.png in Resources */ = {isa = PBXBuildFile; fileRef = 820320BF1EB27767000BC0E5 /* up_full_selected.png */; };
		820320D41EB27767000BC0E5 /* up_full.png in Resources */ = {isa = PBXBuildFile; fileRef = 820320C01EB27767000BC0E5 /* up_full.png */; };
		820320D51EB27767000BC0E5 /* up_half_selected.png in Resources */ = {isa = PBXBuildFile; fileRef = 820320C11EB27767000BC0E5 /* up_half_selected.png */; };
		820320D61EB27767000BC0E5 /* up_half.png in Resources */ = {isa = PBXBuildFile; fileRef = 820320C21EB27767000BC0E5 /* up_half.png */; };
		820320D71EB27767000BC0E5 /* webview_bar.png in Resources */ = {isa = PBXBuildFile; fileRef = 820320C31EB27767000BC0E5 /* webview_bar.png */; };
		820320D91EB277B1000BC0E5 /* Quizlet.swift in Sources */ = {isa = PBXBuildFile; fileRef = 820320D81EB277B1000BC0E5 /* Quizlet.swift */; };
		820320DB1EB27828000BC0E5 /* Database.swift in Sources */ = {isa = PBXBuildFile; fileRef = 820320DA1EB27828000BC0E5 /* Database.swift */; };
/* End PBXBuildFile section */

/* Begin PBXFileReference section */
		8203209B1EB27747000BC0E5 /* BoutTime.app */ = {isa = PBXFileReference; explicitFileType = wrapper.application; includeInIndex = 0; path = BoutTime.app; sourceTree = BUILT_PRODUCTS_DIR; };
		8203209E1EB27747000BC0E5 /* AppDelegate.swift */ = {isa = PBXFileReference; lastKnownFileType = sourcecode.swift; path = AppDelegate.swift; sourceTree = "<group>"; };
		820320A01EB27747000BC0E5 /* ViewController.swift */ = {isa = PBXFileReference; lastKnownFileType = sourcecode.swift; path = ViewController.swift; sourceTree = "<group>"; };
		820320A31EB27747000BC0E5 /* Base */ = {isa = PBXFileReference; lastKnownFileType = file.storyboard; name = Base; path = Base.lproj/Main.storyboard; sourceTree = "<group>"; };
		820320A51EB27747000BC0E5 /* Assets.xcassets */ = {isa = PBXFileReference; lastKnownFileType = folder.assetcatalog; path = Assets.xcassets; sourceTree = "<group>"; };
		820320AA1EB27747000BC0E5 /* Info.plist */ = {isa = PBXFileReference; lastKnownFileType = text.plist.xml; path = Info.plist; sourceTree = "<group>"; };
		820320B01EB27767000BC0E5 /* down_full_selected.png */ = {isa = PBXFileReference; lastKnownFileType = image.png; name = down_full_selected.png; path = ../../BoutTimeAssetsAndMockups/BoutTimeAssets/down_full_selected.png; sourceTree = "<group>"; };
		820320B11EB27767000BC0E5 /* down_full.png */ = {isa = PBXFileReference; lastKnownFileType = image.png; name = down_full.png; path = ../../BoutTimeAssetsAndMockups/BoutTimeAssets/down_full.png; sourceTree = "<group>"; };
		820320B21EB27767000BC0E5 /* down_half_selected.png */ = {isa = PBXFileReference; lastKnownFileType = image.png; name = down_half_selected.png; path = ../../BoutTimeAssetsAndMockups/BoutTimeAssets/down_half_selected.png; sourceTree = "<group>"; };
		820320B31EB27767000BC0E5 /* down_half.png */ = {isa = PBXFileReference; lastKnownFileType = image.png; name = down_half.png; path = ../../BoutTimeAssetsAndMockups/BoutTimeAssets/down_half.png; sourceTree = "<group>"; };
		820320B41EB27767000BC0E5 /* icon29@1x.png */ = {isa = PBXFileReference; lastKnownFileType = image.png; name = "icon29@1x.png"; path = "../../BoutTimeAssetsAndMockups/BoutTimeAssets/icon29@1x.png"; sourceTree = "<group>"; };
		820320B51EB27767000BC0E5 /* icon40@1x.png */ = {isa = PBXFileReference; lastKnownFileType = image.png; name = "icon40@1x.png"; path = "../../BoutTimeAssetsAndMockups/BoutTimeAssets/icon40@1x.png"; sourceTree = "<group>"; };
		820320B61EB27767000BC0E5 /* icon58@2x.png */ = {isa = PBXFileReference; lastKnownFileType = image.png; name = "icon58@2x.png"; path = "../../BoutTimeAssetsAndMockups/BoutTimeAssets/icon58@2x.png"; sourceTree = "<group>"; };
		820320B71EB27767000BC0E5 /* icon80@2x.png */ = {isa = PBXFileReference; lastKnownFileType = image.png; name = "icon80@2x.png"; path = "../../BoutTimeAssetsAndMockups/BoutTimeAssets/icon80@2x.png"; sourceTree = "<group>"; };
		820320B81EB27767000BC0E5 /* icon87@3x.png */ = {isa = PBXFileReference; lastKnownFileType = image.png; name = "icon87@3x.png"; path = "../../BoutTimeAssetsAndMockups/BoutTimeAssets/icon87@3x.png"; sourceTree = "<group>"; };
		820320B91EB27767000BC0E5 /* icon120@3x.png */ = {isa = PBXFileReference; lastKnownFileType = image.png; name = "icon120@3x.png"; path = "../../BoutTimeAssetsAndMockups/BoutTimeAssets/icon120@3x.png"; sourceTree = "<group>"; };
		820320BA1EB27767000BC0E5 /* icon180@3x.png */ = {isa = PBXFileReference; lastKnownFileType = image.png; name = "icon180@3x.png"; path = "../../BoutTimeAssetsAndMockups/BoutTimeAssets/icon180@3x.png"; sourceTree = "<group>"; };
		820320BB1EB27767000BC0E5 /* next_round_fail.png */ = {isa = PBXFileReference; lastKnownFileType = image.png; name = next_round_fail.png; path = ../../BoutTimeAssetsAndMockups/BoutTimeAssets/next_round_fail.png; sourceTree = "<group>"; };
		820320BC1EB27767000BC0E5 /* next_round_success.png */ = {isa = PBXFileReference; lastKnownFileType = image.png; name = next_round_success.png; path = ../../BoutTimeAssetsAndMockups/BoutTimeAssets/next_round_success.png; sourceTree = "<group>"; };
		820320BD1EB27767000BC0E5 /* play_again.png */ = {isa = PBXFileReference; lastKnownFileType = image.png; name = play_again.png; path = ../../BoutTimeAssetsAndMockups/BoutTimeAssets/play_again.png; sourceTree = "<group>"; };
		820320BE1EB27767000BC0E5 /* splash_screen.png */ = {isa = PBXFileReference; lastKnownFileType = image.png; name = splash_screen.png; path = ../../BoutTimeAssetsAndMockups/BoutTimeAssets/splash_screen.png; sourceTree = "<group>"; };
		820320BF1EB27767000BC0E5 /* up_full_selected.png */ = {isa = PBXFileReference; lastKnownFileType = image.png; name = up_full_selected.png; path = ../../BoutTimeAssetsAndMockups/BoutTimeAssets/up_full_selected.png; sourceTree = "<group>"; };
		820320C01EB27767000BC0E5 /* up_full.png */ = {isa = PBXFileReference; lastKnownFileType = image.png; name = up_full.png; path = ../../BoutTimeAssetsAndMockups/BoutTimeAssets/up_full.png; sourceTree = "<group>"; };
		820320C11EB27767000BC0E5 /* up_half_selected.png */ = {isa = PBXFileReference; lastKnownFileType = image.png; name = up_half_selected.png; path = ../../BoutTimeAssetsAndMockups/BoutTimeAssets/up_half_selected.png; sourceTree = "<group>"; };
		820320C21EB27767000BC0E5 /* up_half.png */ = {isa = PBXFileReference; lastKnownFileType = image.png; name = up_half.png; path = ../../BoutTimeAssetsAndMockups/BoutTimeAssets/up_half.png; sourceTree = "<group>"; };
		820320C31EB27767000BC0E5 /* webview_bar.png */ = {isa = PBXFileReference; lastKnownFileType = image.png; name = webview_bar.png; path = ../../BoutTimeAssetsAndMockups/BoutTimeAssets/webview_bar.png; sourceTree = "<group>"; };
		820320D81EB277B1000BC0E5 /* Quizlet.swift */ = {isa = PBXFileReference; fileEncoding = 4; lastKnownFileType = sourcecode.swift; path = Quizlet.swift; sourceTree = "<group>"; };
		820320DA1EB27828000BC0E5 /* Database.swift */ = {isa = PBXFileReference; fileEncoding = 4; lastKnownFileType = sourcecode.swift; path = Database.swift; sourceTree = "<group>"; };
/* End PBXFileReference section */

/* Begin PBXFrameworksBuildPhase section */
		820320981EB27747000BC0E5 /* Frameworks */ = {
			isa = PBXFrameworksBuildPhase;
			buildActionMask = 2147483647;
			files = (
			);
			runOnlyForDeploymentPostprocessing = 0;
		};
/* End PBXFrameworksBuildPhase section */

/* Begin PBXGroup section */
		820320921EB27747000BC0E5 = {
			isa = PBXGroup;
			children = (
				8203209D1EB27747000BC0E5 /* BoutTime */,
				8203209C1EB27747000BC0E5 /* Products */,
			);
			sourceTree = "<group>";
		};
		8203209C1EB27747000BC0E5 /* Products */ = {
			isa = PBXGroup;
			children = (
				8203209B1EB27747000BC0E5 /* BoutTime.app */,
			);
			name = Products;
			sourceTree = "<group>";
		};
		8203209D1EB27747000BC0E5 /* BoutTime */ = {
			isa = PBXGroup;
			children = (
				820320B01EB27767000BC0E5 /* down_full_selected.png */,
				820320B11EB27767000BC0E5 /* down_full.png */,
				820320B21EB27767000BC0E5 /* down_half_selected.png */,
				820320B31EB27767000BC0E5 /* down_half.png */,
				820320B41EB27767000BC0E5 /* icon29@1x.png */,
				820320B51EB27767000BC0E5 /* icon40@1x.png */,
				820320B61EB27767000BC0E5 /* icon58@2x.png */,
				820320B71EB27767000BC0E5 /* icon80@2x.png */,
				820320B81EB27767000BC0E5 /* icon87@3x.png */,
				820320B91EB27767000BC0E5 /* icon120@3x.png */,
				820320BA1EB27767000BC0E5 /* icon180@3x.png */,
				820320BB1EB27767000BC0E5 /* next_round_fail.png */,
				820320BC1EB27767000BC0E5 /* next_round_success.png */,
				820320BD1EB27767000BC0E5 /* play_again.png */,
				820320BE1EB27767000BC0E5 /* splash_screen.png */,
				820320BF1EB27767000BC0E5 /* up_full_selected.png */,
				820320C01EB27767000BC0E5 /* up_full.png */,
				820320C11EB27767000BC0E5 /* up_half_selected.png */,
				820320C21EB27767000BC0E5 /* up_half.png */,
				820320C31EB27767000BC0E5 /* webview_bar.png */,
				8203209E1EB27747000BC0E5 /* AppDelegate.swift */,
				820320A01EB27747000BC0E5 /* ViewController.swift */,
				820320D81EB277B1000BC0E5 /* Quizlet.swift */,
				820320DA1EB27828000BC0E5 /* Database.swift */,
				820320A21EB27747000BC0E5 /* Main.storyboard */,
				820320A51EB27747000BC0E5 /* Assets.xcassets */,
				820320AA1EB27747000BC0E5 /* Info.plist */,
			);
			path = BoutTime;
			sourceTree = "<group>";
		};
/* End PBXGroup section */

/* Begin PBXNativeTarget section */
		8203209A1EB27747000BC0E5 /* BoutTime */ = {
			isa = PBXNativeTarget;
			buildConfigurationList = 820320AD1EB27747000BC0E5 /* Build configuration list for PBXNativeTarget "BoutTime" */;
			buildPhases = (
				820320971EB27747000BC0E5 /* Sources */,
				820320981EB27747000BC0E5 /* Frameworks */,
				820320991EB27747000BC0E5 /* Resources */,
			);
			buildRules = (
			);
			dependencies = (
			);
			name = BoutTime;
			productName = BoutTime;
			productReference = 8203209B1EB27747000BC0E5 /* BoutTime.app */;
			productType = "com.apple.product-type.application";
		};
/* End PBXNativeTarget section */

/* Begin PBXProject section */
		820320931EB27747000BC0E5 /* Project object */ = {
			isa = PBXProject;
			attributes = {
				LastSwiftUpdateCheck = 0830;
				LastUpgradeCheck = 0830;
				ORGANIZATIONNAME = "Jose Portuondo-Dember";
				TargetAttributes = {
					8203209A1EB27747000BC0E5 = {
						CreatedOnToolsVersion = 8.3.1;
						DevelopmentTeam = 537W99P35Z;
						ProvisioningStyle = Automatic;
					};
				};
			};
			buildConfigurationList = 820320961EB27747000BC0E5 /* Build configuration list for PBXProject "BoutTime" */;
			compatibilityVersion = "Xcode 3.2";
			developmentRegion = English;
			hasScannedForEncodings = 0;
			knownRegions = (
				en,
				Base,
			);
			mainGroup = 820320921EB27747000BC0E5;
			productRefGroup = 8203209C1EB27747000BC0E5 /* Products */;
			projectDirPath = "";
			projectRoot = "";
			targets = (
				8203209A1EB27747000BC0E5 /* BoutTime */,
			);
		};
/* End PBXProject section */

/* Begin PBXResourcesBuildPhase section */
		820320991EB27747000BC0E5 /* Resources */ = {
			isa = PBXResourcesBuildPhase;
			buildActionMask = 2147483647;
			files = (
				820320D51EB27767000BC0E5 /* up_half_selected.png in Resources */,
				820320D41EB27767000BC0E5 /* up_full.png in Resources */,
				820320C71EB27767000BC0E5 /* down_half.png in Resources */,
				820320D21EB27767000BC0E5 /* splash_screen.png in Resources */,
				820320CD1EB27767000BC0E5 /* icon120@3x.png in Resources */,
				820320C61EB27767000BC0E5 /* down_half_selected.png in Resources */,
				820320C91EB27767000BC0E5 /* icon40@1x.png in Resources */,
				820320A61EB27747000BC0E5 /* Assets.xcassets in Resources */,
				820320C51EB27767000BC0E5 /* down_full.png in Resources */,
				820320D01EB27767000BC0E5 /* next_round_success.png in Resources */,
				820320D61EB27767000BC0E5 /* up_half.png in Resources */,
				820320CB1EB27767000BC0E5 /* icon80@2x.png in Resources */,
				820320CE1EB27767000BC0E5 /* icon180@3x.png in Resources */,
				820320CA1EB27767000BC0E5 /* icon58@2x.png in Resources */,
				820320C81EB27767000BC0E5 /* icon29@1x.png in Resources */,
				820320A41EB27747000BC0E5 /* Main.storyboard in Resources */,
				820320C41EB27767000BC0E5 /* down_full_selected.png in Resources */,
				820320D31EB27767000BC0E5 /* up_full_selected.png in Resources */,
				820320CC1EB27767000BC0E5 /* icon87@3x.png in Resources */,
				820320CF1EB27767000BC0E5 /* next_round_fail.png in Resources */,
				820320D11EB27767000BC0E5 /* play_again.png in Resources */,
				820320D71EB27767000BC0E5 /* webview_bar.png in Resources */,
			);
			runOnlyForDeploymentPostprocessing = 0;
		};
/* End PBXResourcesBuildPhase section */

/* Begin PBXSourcesBuildPhase section */
		820320971EB27747000BC0E5 /* Sources */ = {
			isa = PBXSourcesBuildPhase;
			buildActionMask = 2147483647;
			files = (
				820320D91EB277B1000BC0E5 /* Quizlet.swift in Sources */,
				820320A11EB27747000BC0E5 /* ViewController.swift in Sources */,
				820320DB1EB27828000BC0E5 /* Database.swift in Sources */,
				8203209F1EB27747000BC0E5 /* AppDelegate.swift in Sources */,
			);
			runOnlyForDeploymentPostprocessing = 0;
		};
/* End PBXSourcesBuildPhase section */

/* Begin PBXVariantGroup section */
		820320A21EB27747000BC0E5 /* Main.storyboard */ = {
			isa = PBXVariantGroup;
			children = (
				820320A31EB27747000BC0E5 /* Base */,
			);
			name = Main.storyboard;
			sourceTree = "<group>";
		};
/* End PBXVariantGroup section */

/* Begin XCBuildConfiguration section */
		820320AB1EB27747000BC0E5 /* Debug */ = {
			isa = XCBuildConfiguration;
			buildSettings = {
				ALWAYS_SEARCH_USER_PATHS = NO;
				CLANG_ANALYZER_NONNULL = YES;
				CLANG_ANALYZER_NUMBER_OBJECT_CONVERSION = YES_AGGRESSIVE;
				CLANG_CXX_LANGUAGE_STANDARD = "gnu++0x";
				CLANG_CXX_LIBRARY = "libc++";
				CLANG_ENABLE_MODULES = YES;
				CLANG_ENABLE_OBJC_ARC = YES;
				CLANG_WARN_BOOL_CONVERSION = YES;
				CLANG_WARN_CONSTANT_CONVERSION = YES;
				CLANG_WARN_DIRECT_OBJC_ISA_USAGE = YES_ERROR;
				CLANG_WARN_DOCUMENTATION_COMMENTS = YES;
				CLANG_WARN_EMPTY_BODY = YES;
				CLANG_WARN_ENUM_CONVERSION = YES;
				CLANG_WARN_INFINITE_RECURSION = YES;
				CLANG_WARN_INT_CONVERSION = YES;
				CLANG_WARN_OBJC_ROOT_CLASS = YES_ERROR;
				CLANG_WARN_SUSPICIOUS_MOVE = YES;
				CLANG_WARN_UNREACHABLE_CODE = YES;
				CLANG_WARN__DUPLICATE_METHOD_MATCH = YES;
				"CODE_SIGN_IDENTITY[sdk=iphoneos*]" = "iPhone Developer";
				COPY_PHASE_STRIP = NO;
				DEBUG_INFORMATION_FORMAT = dwarf;
				ENABLE_STRICT_OBJC_MSGSEND = YES;
				ENABLE_TESTABILITY = YES;
				GCC_C_LANGUAGE_STANDARD = gnu99;
				GCC_DYNAMIC_NO_PIC = NO;
				GCC_NO_COMMON_BLOCKS = YES;
				GCC_OPTIMIZATION_LEVEL = 0;
				GCC_PREPROCESSOR_DEFINITIONS = (
					"DEBUG=1",
					"$(inherited)",
				);
				GCC_WARN_64_TO_32_BIT_CONVERSION = YES;
				GCC_WARN_ABOUT_RETURN_TYPE = YES_ERROR;
				GCC_WARN_UNDECLARED_SELECTOR = YES;
				GCC_WARN_UNINITIALIZED_AUTOS = YES_AGGRESSIVE;
				GCC_WARN_UNUSED_FUNCTION = YES;
				GCC_WARN_UNUSED_VARIABLE = YES;
				IPHONEOS_DEPLOYMENT_TARGET = 10.3;
				MTL_ENABLE_DEBUG_INFO = YES;
				ONLY_ACTIVE_ARCH = YES;
				SDKROOT = iphoneos;
				SWIFT_ACTIVE_COMPILATION_CONDITIONS = DEBUG;
				SWIFT_OPTIMIZATION_LEVEL = "-Onone";
			};
			name = Debug;
		};
		820320AC1EB27747000BC0E5 /* Release */ = {
			isa = XCBuildConfiguration;
			buildSettings = {
				ALWAYS_SEARCH_USER_PATHS = NO;
				CLANG_ANALYZER_NONNULL = YES;
				CLANG_ANALYZER_NUMBER_OBJECT_CONVERSION = YES_AGGRESSIVE;
				CLANG_CXX_LANGUAGE_STANDARD = "gnu++0x";
				CLANG_CXX_LIBRARY = "libc++";
				CLANG_ENABLE_MODULES = YES;
				CLANG_ENABLE_OBJC_ARC = YES;
				CLANG_WARN_BOOL_CONVERSION = YES;
				CLANG_WARN_CONSTANT_CONVERSION = YES;
				CLANG_WARN_DIRECT_OBJC_ISA_USAGE = YES_ERROR;
				CLANG_WARN_DOCUMENTATION_COMMENTS = YES;
				CLANG_WARN_EMPTY_BODY = YES;
				CLANG_WARN_ENUM_CONVERSION = YES;
				CLANG_WARN_INFINITE_RECURSION = YES;
				CLANG_WARN_INT_CONVERSION = YES;
				CLANG_WARN_OBJC_ROOT_CLASS = YES_ERROR;
				CLANG_WARN_SUSPICIOUS_MOVE = YES;
				CLANG_WARN_UNREACHABLE_CODE = YES;
				CLANG_WARN__DUPLICATE_METHOD_MATCH = YES;
				"CODE_SIGN_IDENTITY[sdk=iphoneos*]" = "iPhone Developer";
				COPY_PHASE_STRIP = NO;
				DEBUG_INFORMATION_FORMAT = "dwarf-with-dsym";
				ENABLE_NS_ASSERTIONS = NO;
				ENABLE_STRICT_OBJC_MSGSEND = YES;
				GCC_C_LANGUAGE_STANDARD = gnu99;
				GCC_NO_COMMON_BLOCKS = YES;
				GCC_WARN_64_TO_32_BIT_CONVERSION = YES;
				GCC_WARN_ABOUT_RETURN_TYPE = YES_ERROR;
				GCC_WARN_UNDECLARED_SELECTOR = YES;
				GCC_WARN_UNINITIALIZED_AUTOS = YES_AGGRESSIVE;
				GCC_WARN_UNUSED_FUNCTION = YES;
				GCC_WARN_UNUSED_VARIABLE = YES;
				IPHONEOS_DEPLOYMENT_TARGET = 10.3;
				MTL_ENABLE_DEBUG_INFO = NO;
				SDKROOT = iphoneos;
				SWIFT_OPTIMIZATION_LEVEL = "-Owholemodule";
				VALIDATE_PRODUCT = YES;
			};
			name = Release;
		};
		820320AE1EB27747000BC0E5 /* Debug */ = {
			isa = XCBuildConfiguration;
			buildSettings = {
				ASSETCATALOG_COMPILER_APPICON_NAME = AppIcon;
				DEVELOPMENT_TEAM = 537W99P35Z;
				INFOPLIST_FILE = BoutTime/Info.plist;
				LD_RUNPATH_SEARCH_PATHS = "$(inherited) @executable_path/Frameworks";
				PRODUCT_BUNDLE_IDENTIFIER = us.portuondo.BoutTime;
				PRODUCT_NAME = "$(TARGET_NAME)";
				SWIFT_VERSION = 3.0;
			};
			name = Debug;
		};
		820320AF1EB27747000BC0E5 /* Release */ = {
			isa = XCBuildConfiguration;
			buildSettings = {
				ASSETCATALOG_COMPILER_APPICON_NAME = AppIcon;
				DEVELOPMENT_TEAM = 537W99P35Z;
				INFOPLIST_FILE = BoutTime/Info.plist;
				LD_RUNPATH_SEARCH_PATHS = "$(inherited) @executable_path/Frameworks";
				PRODUCT_BUNDLE_IDENTIFIER = us.portuondo.BoutTime;
				PRODUCT_NAME = "$(TARGET_NAME)";
				SWIFT_VERSION = 3.0;
			};
			name = Release;
		};
/* End XCBuildConfiguration section */

/* Begin XCConfigurationList section */
		820320961EB27747000BC0E5 /* Build configuration list for PBXProject "BoutTime" */ = {
			isa = XCConfigurationList;
			buildConfigurations = (
				820320AB1EB27747000BC0E5 /* Debug */,
				820320AC1EB27747000BC0E5 /* Release */,
			);
			defaultConfigurationIsVisible = 0;
			defaultConfigurationName = Release;
		};
		820320AD1EB27747000BC0E5 /* Build configuration list for PBXNativeTarget "BoutTime" */ = {
			isa = XCConfigurationList;
			buildConfigurations = (
				820320AE1EB27747000BC0E5 /* Debug */,
				820320AF1EB27747000BC0E5 /* Release */,
			);
			defaultConfigurationIsVisible = 0;
			defaultConfigurationName = Release;
		};
/* End XCConfigurationList section */
	};
	rootObject = 820320931EB27747000BC0E5 /* Project object */;
}
